
Microsoft Visual Studio Solution File, Format Version 12.00
# Visual Studio 15
VisualStudioVersion = 15.0.27703.2035
MinimumVisualStudioVersion = 10.0.40219.1
Project("{FAE04EC0-301F-11D3-BF4B-00C04F79EFBC}") = "XF.Hello.Android", "XF.Hello\XF.Hello.Android\XF.Hello.Android.csproj", "{50A5E694-D7FB-46BF-A671-807571CF95A3}"
EndProject
Project("{FAE04EC0-301F-11D3-BF4B-00C04F79EFBC}") = "XF.Hello.iOS", "XF.Hello\XF.Hello.iOS\XF.Hello.iOS.csproj", "{EBF79B13-349F-41CE-A5DB-2E9DB2086F66}"
EndProject
Project("{FAE04EC0-301F-11D3-BF4B-00C04F79EFBC}") = "XF.Hello", "XF.Hello\XF.Hello\XF.Hello.csproj", "{90351261-B6DB-468E-B8D5-8381A48BA005}"
EndProject
Global
	GlobalSection(SolutionConfigurationPlatforms) = preSolution
		Ad-Hoc|Any CPU = Ad-Hoc|Any CPU
		Ad-Hoc|iPhone = Ad-Hoc|iPhone
		Ad-Hoc|iPhoneSimulator = Ad-Hoc|iPhoneSimulator
		AppStore|Any CPU = AppStore|Any CPU
		AppStore|iPhone = AppStore|iPhone
		AppStore|iPhoneSimulator = AppStore|iPhoneSimulator
		Debug|Any CPU = Debug|Any CPU
		Debug|iPhone = Debug|iPhone
		Debug|iPhoneSimulator = Debug|iPhoneSimulator
		Release|Any CPU = Release|Any CPU
		Release|iPhone = Release|iPhone
		Release|iPhoneSimulator = Release|iPhoneSimulator
	EndGlobalSection
	GlobalSection(ProjectConfigurationPlatforms) = postSolution
		{50A5E694-D7FB-46BF-A671-807571CF95A3}.Ad-Hoc|Any CPU.ActiveCfg = Release|Any CPU
		{50A5E694-D7FB-46BF-A671-807571CF95A3}.Ad-Hoc|Any CPU.Build.0 = Release|Any CPU
		{50A5E694-D7FB-46BF-A671-807571CF95A3}.Ad-Hoc|Any CPU.Deploy.0 = Release|Any CPU
		{50A5E694-D7FB-46BF-A671-807571CF95A3}.Ad-Hoc|iPhone.ActiveCfg = Release|Any CPU
		{50A5E694-D7FB-46BF-A671-807571CF95A3}.Ad-Hoc|iPhone.Build.0 = Release|Any CPU
		{50A5E694-D7FB-46BF-A671-807571CF95A3}.Ad-Hoc|iPhone.Deploy.0 = Release|Any CPU
		{50A5E694-D7FB-46BF-A671-807571CF95A3}.Ad-Hoc|iPhoneSimulator.ActiveCfg = Release|Any CPU
		{50A5E694-D7FB-46BF-A671-807571CF95A3}.Ad-Hoc|iPhoneSimulator.Build.0 = Release|Any CPU
		{50A5E694-D7FB-46BF-A671-807571CF95A3}.Ad-Hoc|iPhoneSimulator.Deploy.0 = Release|Any CPU
		{50A5E694-D7FB-46BF-A671-807571CF95A3}.AppStore|Any CPU.ActiveCfg = Release|Any CPU
		{50A5E694-D7FB-46BF-A671-807571CF95A3}.AppStore|Any CPU.Build.0 = Release|Any CPU
		{50A5E694-D7FB-46BF-A671-807571CF95A3}.AppStore|Any CPU.Deploy.0 = Release|Any CPU
		{50A5E694-D7FB-46BF-A671-807571CF95A3}.AppStore|iPhone.ActiveCfg = Release|Any CPU
		{50A5E694-D7FB-46BF-A671-807571CF95A3}.AppStore|iPhone.Build.0 = Release|Any CPU
		{50A5E694-D7FB-46BF-A671-807571CF95A3}.AppStore|iPhone.Deploy.0 = Release|Any CPU
		{50A5E694-D7FB-46BF-A671-807571CF95A3}.AppStore|iPhoneSimulator.ActiveCfg = Release|Any CPU
		{50A5E694-D7FB-46BF-A671-807571CF95A3}.AppStore|iPhoneSimulator.Build.0 = Release|Any CPU
		{50A5E694-D7FB-46BF-A671-807571CF95A3}.AppStore|iPhoneSimulator.Deploy.0 = Release|Any CPU
		{50A5E694-D7FB-46BF-A671-807571CF95A3}.Debug|Any CPU.ActiveCfg = Debug|Any CPU
		{50A5E694-D7FB-46BF-A671-807571CF95A3}.Debug|Any CPU.Build.0 = Debug|Any CPU
		{50A5E694-D7FB-46BF-A671-807571CF95A3}.Debug|Any CPU.Deploy.0 = Debug|Any CPU
		{50A5E694-D7FB-46BF-A671-807571CF95A3}.Debug|iPhone.ActiveCfg = Debug|Any CPU
		{50A5E694-D7FB-46BF-A671-807571CF95A3}.Debug|iPhone.Build.0 = Debug|Any CPU
		{50A5E694-D7FB-46BF-A671-807571CF95A3}.Debug|iPhone.Deploy.0 = Debug|Any CPU
		{50A5E694-D7FB-46BF-A671-807571CF95A3}.Debug|iPhoneSimulator.ActiveCfg = Debug|Any CPU
		{50A5E694-D7FB-46BF-A671-807571CF95A3}.Debug|iPhoneSimulator.Build.0 = Debug|Any CPU
		{50A5E694-D7FB-46BF-A671-807571CF95A3}.Debug|iPhoneSimulator.Deploy.0 = Debug|Any CPU
		{50A5E694-D7FB-46BF-A671-807571CF95A3}.Release|Any CPU.ActiveCfg = Release|Any CPU
		{50A5E694-D7FB-46BF-A671-807571CF95A3}.Release|Any CPU.Build.0 = Release|Any CPU
		{50A5E694-D7FB-46BF-A671-807571CF95A3}.Release|Any CPU.Deploy.0 = Release|Any CPU
		{50A5E694-D7FB-46BF-A671-807571CF95A3}.Release|iPhone.ActiveCfg = Release|Any CPU
		{50A5E694-D7FB-46BF-A671-807571CF95A3}.Release|iPhone.Build.0 = Release|Any CPU
		{50A5E694-D7FB-46BF-A671-807571CF95A3}.Release|iPhone.Deploy.0 = Release|Any CPU
		{50A5E694-D7FB-46BF-A671-807571CF95A3}.Release|iPhoneSimulator.ActiveCfg = Release|Any CPU
		{50A5E694-D7FB-46BF-A671-807571CF95A3}.Release|iPhoneSimulator.Build.0 = Release|Any CPU
		{50A5E694-D7FB-46BF-A671-807571CF95A3}.Release|iPhoneSimulator.Deploy.0 = Release|Any CPU
		{EBF79B13-349F-41CE-A5DB-2E9DB2086F66}.Ad-Hoc|Any CPU.ActiveCfg = Ad-Hoc|iPhone
		{EBF79B13-349F-41CE-A5DB-2E9DB2086F66}.Ad-Hoc|Any CPU.Build.0 = Ad-Hoc|iPhone
		{EBF79B13-349F-41CE-A5DB-2E9DB2086F66}.Ad-Hoc|Any CPU.Deploy.0 = Ad-Hoc|iPhone
		{EBF79B13-349F-41CE-A5DB-2E9DB2086F66}.Ad-Hoc|iPhone.ActiveCfg = Ad-Hoc|iPhone
		{EBF79B13-349F-41CE-A5DB-2E9DB2086F66}.Ad-Hoc|iPhone.Build.0 = Ad-Hoc|iPhone
		{EBF79B13-349F-41CE-A5DB-2E9DB2086F66}.Ad-Hoc|iPhone.Deploy.0 = Ad-Hoc|iPhone
		{EBF79B13-349F-41CE-A5DB-2E9DB2086F66}.Ad-Hoc|iPhoneSimulator.ActiveCfg = Ad-Hoc|iPhoneSimulator
		{EBF79B13-349F-41CE-A5DB-2E9DB2086F66}.Ad-Hoc|iPhoneSimulator.Build.0 = Ad-Hoc|iPhoneSimulator
		{EBF79B13-349F-41CE-A5DB-2E9DB2086F66}.Ad-Hoc|iPhoneSimulator.Deploy.0 = Ad-Hoc|iPhoneSimulator
		{EBF79B13-349F-41CE-A5DB-2E9DB2086F66}.AppStore|Any CPU.ActiveCfg = AppStore|iPhone
		{EBF79B13-349F-41CE-A5DB-2E9DB2086F66}.AppStore|Any CPU.Build.0 = AppStore|iPhone
		{EBF79B13-349F-41CE-A5DB-2E9DB2086F66}.AppStore|Any CPU.Deploy.0 = AppStore|iPhone
		{EBF79B13-349F-41CE-A5DB-2E9DB2086F66}.AppStore|iPhone.ActiveCfg = AppStore|iPhone
		{EBF79B13-349F-41CE-A5DB-2E9DB2086F66}.AppStore|iPhone.Build.0 = AppStore|iPhone
		{EBF79B13-349F-41CE-A5DB-2E9DB2086F66}.AppStore|iPhone.Deploy.0 = AppStore|iPhone
		{EBF79B13-349F-41CE-A5DB-2E9DB2086F66}.AppStore|iPhoneSimulator.ActiveCfg = AppStore|iPhoneSimulator
		{EBF79B13-349F-41CE-A5DB-2E9DB2086F66}.AppStore|iPhoneSimulator.Build.0 = AppStore|iPhoneSimulator
		{EBF79B13-349F-41CE-A5DB-2E9DB2086F66}.AppStore|iPhoneSimulator.Deploy.0 = AppStore|iPhoneSimulator
		{EBF79B13-349F-41CE-A5DB-2E9DB2086F66}.Debug|Any CPU.ActiveCfg = Debug|iPhoneSimulator
		{EBF79B13-349F-41CE-A5DB-2E9DB2086F66}.Debug|Any CPU.Build.0 = Debug|iPhoneSimulator
		{EBF79B13-349F-41CE-A5DB-2E9DB2086F66}.Debug|Any CPU.Deploy.0 = Debug|iPhoneSimulator
		{EBF79B13-349F-41CE-A5DB-2E9DB2086F66}.Debug|iPhone.ActiveCfg = Debug|iPhone
		{EBF79B13-349F-41CE-A5DB-2E9DB2086F66}.Debug|iPhone.Build.0 = Debug|iPhone
		{EBF79B13-349F-41CE-A5DB-2E9DB2086F66}.Debug|iPhone.Deploy.0 = Debug|iPhone
		{EBF79B13-349F-41CE-A5DB-2E9DB2086F66}.Debug|iPhoneSimulator.ActiveCfg = Debug|iPhoneSimulator
		{EBF79B13-349F-41CE-A5DB-2E9DB2086F66}.Debug|iPhoneSimulator.Build.0 = Debug|iPhoneSimulator
		{EBF79B13-349F-41CE-A5DB-2E9DB2086F66}.Debug|iPhoneSimulator.Deploy.0 = Debug|iPhoneSimulator
		{EBF79B13-349F-41CE-A5DB-2E9DB2086F66}.Release|Any CPU.ActiveCfg = Release|iPhone
		{EBF79B13-349F-41CE-A5DB-2E9DB2086F66}.Release|Any CPU.Build.0 = Release|iPhone
		{EBF79B13-349F-41CE-A5DB-2E9DB2086F66}.Release|Any CPU.Deploy.0 = Release|iPhone
		{EBF79B13-349F-41CE-A5DB-2E9DB2086F66}.Release|iPhone.ActiveCfg = Release|iPhone
		{EBF79B13-349F-41CE-A5DB-2E9DB2086F66}.Release|iPhone.Build.0 = Release|iPhone
		{EBF79B13-349F-41CE-A5DB-2E9DB2086F66}.Release|iPhone.Deploy.0 = Release|iPhone
		{EBF79B13-349F-41CE-A5DB-2E9DB2086F66}.Release|iPhoneSimulator.ActiveCfg = Release|iPhoneSimulator
		{EBF79B13-349F-41CE-A5DB-2E9DB2086F66}.Release|iPhoneSimulator.Build.0 = Release|iPhoneSimulator
		{EBF79B13-349F-41CE-A5DB-2E9DB2086F66}.Release|iPhoneSimulator.Deploy.0 = Release|iPhoneSimulator
		{90351261-B6DB-468E-B8D5-8381A48BA005}.Ad-Hoc|Any CPU.ActiveCfg = Debug|Any CPU
		{90351261-B6DB-468E-B8D5-8381A48BA005}.Ad-Hoc|Any CPU.Build.0 = Debug|Any CPU
		{90351261-B6DB-468E-B8D5-8381A48BA005}.Ad-Hoc|Any CPU.Deploy.0 = Debug|Any CPU
		{90351261-B6DB-468E-B8D5-8381A48BA005}.Ad-Hoc|iPhone.ActiveCfg = Debug|Any CPU
		{90351261-B6DB-468E-B8D5-8381A48BA005}.Ad-Hoc|iPhone.Build.0 = Debug|Any CPU
		{90351261-B6DB-468E-B8D5-8381A48BA005}.Ad-Hoc|iPhone.Deploy.0 = Debug|Any CPU
		{90351261-B6DB-468E-B8D5-8381A48BA005}.Ad-Hoc|iPhoneSimulator.ActiveCfg = Debug|Any CPU
		{90351261-B6DB-468E-B8D5-8381A48BA005}.Ad-Hoc|iPhoneSimulator.Build.0 = Debug|Any CPU
		{90351261-B6DB-468E-B8D5-8381A48BA005}.Ad-Hoc|iPhoneSimulator.Deploy.0 = Debug|Any CPU
		{90351261-B6DB-468E-B8D5-8381A48BA005}.AppStore|Any CPU.ActiveCfg = Debug|Any CPU
		{90351261-B6DB-468E-B8D5-8381A48BA005}.AppStore|Any CPU.Build.0 = Debug|Any CPU
		{90351261-B6DB-468E-B8D5-8381A48BA005}.AppStore|Any CPU.Deploy.0 = Debug|Any CPU
		{90351261-B6DB-468E-B8D5-8381A48BA005}.AppStore|iPhone.ActiveCfg = Debug|Any CPU
		{90351261-B6DB-468E-B8D5-8381A48BA005}.AppStore|iPhone.Build.0 = Debug|Any CPU
		{90351261-B6DB-468E-B8D5-8381A48BA005}.AppStore|iPhone.Deploy.0 = Debug|Any CPU
		{90351261-B6DB-468E-B8D5-8381A48BA005}.AppStore|iPhoneSimulator.ActiveCfg = Debug|Any CPU
		{90351261-B6DB-468E-B8D5-8381A48BA005}.AppStore|iPhoneSimulator.Build.0 = Debug|Any CPU
		{90351261-B6DB-468E-B8D5-8381A48BA005}.AppStore|iPhoneSimulator.Deploy.0 = Debug|Any CPU
		{90351261-B6DB-468E-B8D5-8381A48BA005}.Debug|Any CPU.ActiveCfg = Debug|Any CPU
		{90351261-B6DB-468E-B8D5-8381A48BA005}.Debug|Any CPU.Build.0 = Debug|Any CPU
		{90351261-B6DB-468E-B8D5-8381A48BA005}.Debug|Any CPU.Deploy.0 = Debug|Any CPU
		{90351261-B6DB-468E-B8D5-8381A48BA005}.Debug|iPhone.ActiveCfg = Debug|Any CPU
		{90351261-B6DB-468E-B8D5-8381A48BA005}.Debug|iPhone.Build.0 = Debug|Any CPU
		{90351261-B6DB-468E-B8D5-8381A48BA005}.Debug|iPhone.Deploy.0 = Debug|Any CPU
		{90351261-B6DB-468E-B8D5-8381A48BA005}.Debug|iPhoneSimulator.ActiveCfg = Debug|Any CPU
		{90351261-B6DB-468E-B8D5-8381A48BA005}.Debug|iPhoneSimulator.Build.0 = Debug|Any CPU
		{90351261-B6DB-468E-B8D5-8381A48BA005}.Debug|iPhoneSimulator.Deploy.0 = Debug|Any CPU
		{90351261-B6DB-468E-B8D5-8381A48BA005}.Release|Any CPU.ActiveCfg = Release|Any CPU
		{90351261-B6DB-468E-B8D5-8381A48BA005}.Release|Any CPU.Build.0 = Release|Any CPU
		{90351261-B6DB-468E-B8D5-8381A48BA005}.Release|Any CPU.Deploy.0 = Release|Any CPU
		{90351261-B6DB-468E-B8D5-8381A48BA005}.Release|iPhone.ActiveCfg = Release|Any CPU
		{90351261-B6DB-468E-B8D5-8381A48BA005}.Release|iPhone.Build.0 = Release|Any CPU
		{90351261-B6DB-468E-B8D5-8381A48BA005}.Release|iPhone.Deploy.0 = Release|Any CPU
		{90351261-B6DB-468E-B8D5-8381A48BA005}.Release|iPhoneSimulator.ActiveCfg = Release|Any CPU
		{90351261-B6DB-468E-B8D5-8381A48BA005}.Release|iPhoneSimulator.Build.0 = Release|Any CPU
		{90351261-B6DB-468E-B8D5-8381A48BA005}.Release|iPhoneSimulator.Deploy.0 = Release|Any CPU
	EndGlobalSection
	GlobalSection(SolutionProperties) = preSolution
		HideSolutionNode = FALSE
	EndGlobalSection
	GlobalSection(ExtensibilityGlobals) = postSolution
		SolutionGuid = {89A28650-09B7-4965-BA1D-0AB94F70D4BC}
	EndGlobalSection
EndGlobal
